
Microsoft Visual Studio Solution File, Format Version 12.00
# Visual Studio Version 16
VisualStudioVersion = 16.0.30002.166
MinimumVisualStudioVersion = 10.0.40219.1
Project("{FAE04EC0-301F-11D3-BF4B-00C04F79EFBC}") = "Abs", "Abs\Abs.csproj", "{81132EE9-E1E5-49D7-A889-4BDE42093616}"
EndProject
Global
	GlobalSection(SolutionConfigurationPlatforms) = preSolution
		Debug|Any CPU = Debug|Any CPU
		Release|Any CPU = Release|Any CPU
	EndGlobalSection
	GlobalSection(ProjectConfigurationPlatforms) = postSolution
		{81132EE9-E1E5-49D7-A889-4BDE42093616}.Debug|Any CPU.ActiveCfg = Debug|Any CPU
		{81132EE9-E1E5-49D7-A889-4BDE42093616}.Debug|Any CPU.Build.0 = Debug|Any CPU
		{81132EE9-E1E5-49D7-A889-4BDE42093616}.Release|Any CPU.ActiveCfg = Release|Any CPU
		{81132EE9-E1E5-49D7-A889-4BDE42093616}.Release|Any CPU.Build.0 = Release|Any CPU
	EndGlobalSection
	GlobalSection(SolutionProperties) = preSolution
		HideSolutionNode = FALSE
	EndGlobalSection
	GlobalSection(ExtensibilityGlobals) = postSolution
		SolutionGuid = {2AB6547C-3872-45AB-B53B-21B20D352986}
	EndGlobalSection
EndGlobal
